
Microsoft Visual Studio Solution File, Format Version 12.00
# Visual Studio Version 17
VisualStudioVersion = 17.1.32210.238
MinimumVisualStudioVersion = 10.0.40219.1
Project("{FAE04EC0-301F-11D3-BF4B-00C04F79EFBC}") = "Calc", "Calc\Calc.csproj", "{5686EF95-C750-46C0-8207-4A2C04AB5762}"
EndProject
Global
	GlobalSection(SolutionConfigurationPlatforms) = preSolution
		Debug|Any CPU = Debug|Any CPU
		Release|Any CPU = Release|Any CPU
	EndGlobalSection
	GlobalSection(ProjectConfigurationPlatforms) = postSolution
		{5686EF95-C750-46C0-8207-4A2C04AB5762}.Debug|Any CPU.ActiveCfg = Debug|Any CPU
		{5686EF95-C750-46C0-8207-4A2C04AB5762}.Debug|Any CPU.Build.0 = Debug|Any CPU
		{5686EF95-C750-46C0-8207-4A2C04AB5762}.Release|Any CPU.ActiveCfg = Release|Any CPU
		{5686EF95-C750-46C0-8207-4A2C04AB5762}.Release|Any CPU.Build.0 = Release|Any CPU
	EndGlobalSection
	GlobalSection(SolutionProperties) = preSolution
		HideSolutionNode = FALSE
	EndGlobalSection
	GlobalSection(ExtensibilityGlobals) = postSolution
		SolutionGuid = {5A81F976-FC6D-4E72-AF7D-2ED391C6E9D6}
	EndGlobalSection
EndGlobal
